
Microsoft Visual Studio Solution File, Format Version 12.00
# Visual Studio Version 17
VisualStudioVersion = 17.8.34525.116
MinimumVisualStudioVersion = 10.0.40219.1
Project("{2150E333-8FDC-42A3-9474-1A3956D46DE8}") = "src", "src", "{537777A8-634D-426E-8616-C82A9E868A2A}"
EndProject
Project("{2150E333-8FDC-42A3-9474-1A3956D46DE8}") = "test", "test", "{4290B897-A87E-43E0-9743-EFA7DA36E2AD}"
EndProject
Project("{FAE04EC0-301F-11D3-BF4B-00C04F79EFBC}") = "Bookify.Domain", "Bookify.Domain\Bookify.Domain.csproj", "{6339D09A-D7E3-47E9-B6CB-12F6AC542A97}"
EndProject
Global
	GlobalSection(SolutionConfigurationPlatforms) = preSolution
		Debug|Any CPU = Debug|Any CPU
		Release|Any CPU = Release|Any CPU
	EndGlobalSection
	GlobalSection(ProjectConfigurationPlatforms) = postSolution
		{6339D09A-D7E3-47E9-B6CB-12F6AC542A97}.Debug|Any CPU.ActiveCfg = Debug|Any CPU
		{6339D09A-D7E3-47E9-B6CB-12F6AC542A97}.Debug|Any CPU.Build.0 = Debug|Any CPU
		{6339D09A-D7E3-47E9-B6CB-12F6AC542A97}.Release|Any CPU.ActiveCfg = Release|Any CPU
		{6339D09A-D7E3-47E9-B6CB-12F6AC542A97}.Release|Any CPU.Build.0 = Release|Any CPU
	EndGlobalSection
	GlobalSection(SolutionProperties) = preSolution
		HideSolutionNode = FALSE
	EndGlobalSection
	GlobalSection(NestedProjects) = preSolution
		{6339D09A-D7E3-47E9-B6CB-12F6AC542A97} = {537777A8-634D-426E-8616-C82A9E868A2A}
	EndGlobalSection
	GlobalSection(ExtensibilityGlobals) = postSolution
		SolutionGuid = {FE1A27F6-8813-40A5-B2B5-84FD66F279F5}
	EndGlobalSection
EndGlobal
